
Microsoft Visual Studio Solution File, Format Version 12.00
# Visual Studio 15
VisualStudioVersion = 15.0.28307.271
MinimumVisualStudioVersion = 10.0.40219.1
Project("{FAE04EC0-301F-11D3-BF4B-00C04F79EFBC}") = "FinalXamarin6.Android", "FinalXamarin6\FinalXamarin6.Android\FinalXamarin6.Android.csproj", "{CB3DE534-3F70-44E9-AE45-13653129EBD4}"
EndProject
Project("{FAE04EC0-301F-11D3-BF4B-00C04F79EFBC}") = "FinalXamarin6.iOS", "FinalXamarin6\FinalXamarin6.iOS\FinalXamarin6.iOS.csproj", "{5386A092-3873-4A08-ACB3-0039162525B9}"
EndProject
Project("{FAE04EC0-301F-11D3-BF4B-00C04F79EFBC}") = "FinalXamarin6.UWP", "FinalXamarin6\FinalXamarin6.UWP\FinalXamarin6.UWP.csproj", "{7A59830E-6C49-4204-A455-FB1BDF1D1CB7}"
EndProject
Project("{FAE04EC0-301F-11D3-BF4B-00C04F79EFBC}") = "FinalXamarin6", "FinalXamarin6\FinalXamarin6\FinalXamarin6.csproj", "{AB19A299-8867-4B4D-B2AD-2F387571B37E}"
EndProject
Global
	GlobalSection(SolutionConfigurationPlatforms) = preSolution
		Ad-Hoc|Any CPU = Ad-Hoc|Any CPU
		Ad-Hoc|ARM = Ad-Hoc|ARM
		Ad-Hoc|iPhone = Ad-Hoc|iPhone
		Ad-Hoc|iPhoneSimulator = Ad-Hoc|iPhoneSimulator
		Ad-Hoc|x64 = Ad-Hoc|x64
		Ad-Hoc|x86 = Ad-Hoc|x86
		AppStore|Any CPU = AppStore|Any CPU
		AppStore|ARM = AppStore|ARM
		AppStore|iPhone = AppStore|iPhone
		AppStore|iPhoneSimulator = AppStore|iPhoneSimulator
		AppStore|x64 = AppStore|x64
		AppStore|x86 = AppStore|x86
		Debug|Any CPU = Debug|Any CPU
		Debug|ARM = Debug|ARM
		Debug|iPhone = Debug|iPhone
		Debug|iPhoneSimulator = Debug|iPhoneSimulator
		Debug|x64 = Debug|x64
		Debug|x86 = Debug|x86
		Release|Any CPU = Release|Any CPU
		Release|ARM = Release|ARM
		Release|iPhone = Release|iPhone
		Release|iPhoneSimulator = Release|iPhoneSimulator
		Release|x64 = Release|x64
		Release|x86 = Release|x86
	EndGlobalSection
	GlobalSection(ProjectConfigurationPlatforms) = postSolution
		{CB3DE534-3F70-44E9-AE45-13653129EBD4}.Ad-Hoc|Any CPU.ActiveCfg = Release|Any CPU
		{CB3DE534-3F70-44E9-AE45-13653129EBD4}.Ad-Hoc|Any CPU.Build.0 = Release|Any CPU
		{CB3DE534-3F70-44E9-AE45-13653129EBD4}.Ad-Hoc|Any CPU.Deploy.0 = Release|Any CPU
		{CB3DE534-3F70-44E9-AE45-13653129EBD4}.Ad-Hoc|ARM.ActiveCfg = Release|Any CPU
		{CB3DE534-3F70-44E9-AE45-13653129EBD4}.Ad-Hoc|ARM.Build.0 = Release|Any CPU
		{CB3DE534-3F70-44E9-AE45-13653129EBD4}.Ad-Hoc|ARM.Deploy.0 = Release|Any CPU
		{CB3DE534-3F70-44E9-AE45-13653129EBD4}.Ad-Hoc|iPhone.ActiveCfg = Release|Any CPU
		{CB3DE534-3F70-44E9-AE45-13653129EBD4}.Ad-Hoc|iPhone.Build.0 = Release|Any CPU
		{CB3DE534-3F70-44E9-AE45-13653129EBD4}.Ad-Hoc|iPhone.Deploy.0 = Release|Any CPU
		{CB3DE534-3F70-44E9-AE45-13653129EBD4}.Ad-Hoc|iPhoneSimulator.ActiveCfg = Release|Any CPU
		{CB3DE534-3F70-44E9-AE45-13653129EBD4}.Ad-Hoc|iPhoneSimulator.Build.0 = Release|Any CPU
		{CB3DE534-3F70-44E9-AE45-13653129EBD4}.Ad-Hoc|iPhoneSimulator.Deploy.0 = Release|Any CPU
		{CB3DE534-3F70-44E9-AE45-13653129EBD4}.Ad-Hoc|x64.ActiveCfg = Release|Any CPU
		{CB3DE534-3F70-44E9-AE45-13653129EBD4}.Ad-Hoc|x64.Build.0 = Release|Any CPU
		{CB3DE534-3F70-44E9-AE45-13653129EBD4}.Ad-Hoc|x64.Deploy.0 = Release|Any CPU
		{CB3DE534-3F70-44E9-AE45-13653129EBD4}.Ad-Hoc|x86.ActiveCfg = Release|Any CPU
		{CB3DE534-3F70-44E9-AE45-13653129EBD4}.Ad-Hoc|x86.Build.0 = Release|Any CPU
		{CB3DE534-3F70-44E9-AE45-13653129EBD4}.Ad-Hoc|x86.Deploy.0 = Release|Any CPU
		{CB3DE534-3F70-44E9-AE45-13653129EBD4}.AppStore|Any CPU.ActiveCfg = Release|Any CPU
		{CB3DE534-3F70-44E9-AE45-13653129EBD4}.AppStore|Any CPU.Build.0 = Release|Any CPU
		{CB3DE534-3F70-44E9-AE45-13653129EBD4}.AppStore|Any CPU.Deploy.0 = Release|Any CPU
		{CB3DE534-3F70-44E9-AE45-13653129EBD4}.AppStore|ARM.ActiveCfg = Release|Any CPU
		{CB3DE534-3F70-44E9-AE45-13653129EBD4}.AppStore|ARM.Build.0 = Release|Any CPU
		{CB3DE534-3F70-44E9-AE45-13653129EBD4}.AppStore|ARM.Deploy.0 = Release|Any CPU
		{CB3DE534-3F70-44E9-AE45-13653129EBD4}.AppStore|iPhone.ActiveCfg = Release|Any CPU
		{CB3DE534-3F70-44E9-AE45-13653129EBD4}.AppStore|iPhone.Build.0 = Release|Any CPU
		{CB3DE534-3F70-44E9-AE45-13653129EBD4}.AppStore|iPhone.Deploy.0 = Release|Any CPU
		{CB3DE534-3F70-44E9-AE45-13653129EBD4}.AppStore|iPhoneSimulator.ActiveCfg = Release|Any CPU
		{CB3DE534-3F70-44E9-AE45-13653129EBD4}.AppStore|iPhoneSimulator.Build.0 = Release|Any CPU
		{CB3DE534-3F70-44E9-AE45-13653129EBD4}.AppStore|iPhoneSimulator.Deploy.0 = Release|Any CPU
		{CB3DE534-3F70-44E9-AE45-13653129EBD4}.AppStore|x64.ActiveCfg = Release|Any CPU
		{CB3DE534-3F70-44E9-AE45-13653129EBD4}.AppStore|x64.Build.0 = Release|Any CPU
		{CB3DE534-3F70-44E9-AE45-13653129EBD4}.AppStore|x64.Deploy.0 = Release|Any CPU
		{CB3DE534-3F70-44E9-AE45-13653129EBD4}.AppStore|x86.ActiveCfg = Release|Any CPU
		{CB3DE534-3F70-44E9-AE45-13653129EBD4}.AppStore|x86.Build.0 = Release|Any CPU
		{CB3DE534-3F70-44E9-AE45-13653129EBD4}.AppStore|x86.Deploy.0 = Release|Any CPU
		{CB3DE534-3F70-44E9-AE45-13653129EBD4}.Debug|Any CPU.ActiveCfg = Debug|Any CPU
		{CB3DE534-3F70-44E9-AE45-13653129EBD4}.Debug|Any CPU.Build.0 = Debug|Any CPU
		{CB3DE534-3F70-44E9-AE45-13653129EBD4}.Debug|Any CPU.Deploy.0 = Debug|Any CPU
		{CB3DE534-3F70-44E9-AE45-13653129EBD4}.Debug|ARM.ActiveCfg = Debug|Any CPU
		{CB3DE534-3F70-44E9-AE45-13653129EBD4}.Debug|ARM.Build.0 = Debug|Any CPU
		{CB3DE534-3F70-44E9-AE45-13653129EBD4}.Debug|ARM.Deploy.0 = Debug|Any CPU
		{CB3DE534-3F70-44E9-AE45-13653129EBD4}.Debug|iPhone.ActiveCfg = Debug|Any CPU
		{CB3DE534-3F70-44E9-AE45-13653129EBD4}.Debug|iPhone.Build.0 = Debug|Any CPU
		{CB3DE534-3F70-44E9-AE45-13653129EBD4}.Debug|iPhone.Deploy.0 = Debug|Any CPU
		{CB3DE534-3F70-44E9-AE45-13653129EBD4}.Debug|iPhoneSimulator.ActiveCfg = Debug|Any CPU
		{CB3DE534-3F70-44E9-AE45-13653129EBD4}.Debug|iPhoneSimulator.Build.0 = Debug|Any CPU
		{CB3DE534-3F70-44E9-AE45-13653129EBD4}.Debug|iPhoneSimulator.Deploy.0 = Debug|Any CPU
		{CB3DE534-3F70-44E9-AE45-13653129EBD4}.Debug|x64.ActiveCfg = Debug|Any CPU
		{CB3DE534-3F70-44E9-AE45-13653129EBD4}.Debug|x64.Build.0 = Debug|Any CPU
		{CB3DE534-3F70-44E9-AE45-13653129EBD4}.Debug|x64.Deploy.0 = Debug|Any CPU
		{CB3DE534-3F70-44E9-AE45-13653129EBD4}.Debug|x86.ActiveCfg = Debug|Any CPU
		{CB3DE534-3F70-44E9-AE45-13653129EBD4}.Debug|x86.Build.0 = Debug|Any CPU
		{CB3DE534-3F70-44E9-AE45-13653129EBD4}.Debug|x86.Deploy.0 = Debug|Any CPU
		{CB3DE534-3F70-44E9-AE45-13653129EBD4}.Release|Any CPU.ActiveCfg = Release|Any CPU
		{CB3DE534-3F70-44E9-AE45-13653129EBD4}.Release|Any CPU.Build.0 = Release|Any CPU
		{CB3DE534-3F70-44E9-AE45-13653129EBD4}.Release|Any CPU.Deploy.0 = Release|Any CPU
		{CB3DE534-3F70-44E9-AE45-13653129EBD4}.Release|ARM.ActiveCfg = Release|Any CPU
		{CB3DE534-3F70-44E9-AE45-13653129EBD4}.Release|ARM.Build.0 = Release|Any CPU
		{CB3DE534-3F70-44E9-AE45-13653129EBD4}.Release|ARM.Deploy.0 = Release|Any CPU
		{CB3DE534-3F70-44E9-AE45-13653129EBD4}.Release|iPhone.ActiveCfg = Release|Any CPU
		{CB3DE534-3F70-44E9-AE45-13653129EBD4}.Release|iPhone.Build.0 = Release|Any CPU
		{CB3DE534-3F70-44E9-AE45-13653129EBD4}.Release|iPhone.Deploy.0 = Release|Any CPU
		{CB3DE534-3F70-44E9-AE45-13653129EBD4}.Release|iPhoneSimulator.ActiveCfg = Release|Any CPU
		{CB3DE534-3F70-44E9-AE45-13653129EBD4}.Release|iPhoneSimulator.Build.0 = Release|Any CPU
		{CB3DE534-3F70-44E9-AE45-13653129EBD4}.Release|iPhoneSimulator.Deploy.0 = Release|Any CPU
		{CB3DE534-3F70-44E9-AE45-13653129EBD4}.Release|x64.ActiveCfg = Release|Any CPU
		{CB3DE534-3F70-44E9-AE45-13653129EBD4}.Release|x64.Build.0 = Release|Any CPU
		{CB3DE534-3F70-44E9-AE45-13653129EBD4}.Release|x64.Deploy.0 = Release|Any CPU
		{CB3DE534-3F70-44E9-AE45-13653129EBD4}.Release|x86.ActiveCfg = Release|Any CPU
		{CB3DE534-3F70-44E9-AE45-13653129EBD4}.Release|x86.Build.0 = Release|Any CPU
		{CB3DE534-3F70-44E9-AE45-13653129EBD4}.Release|x86.Deploy.0 = Release|Any CPU
		{5386A092-3873-4A08-ACB3-0039162525B9}.Ad-Hoc|Any CPU.ActiveCfg = Ad-Hoc|iPhone
		{5386A092-3873-4A08-ACB3-0039162525B9}.Ad-Hoc|Any CPU.Build.0 = Ad-Hoc|iPhone
		{5386A092-3873-4A08-ACB3-0039162525B9}.Ad-Hoc|Any CPU.Deploy.0 = Ad-Hoc|iPhone
		{5386A092-3873-4A08-ACB3-0039162525B9}.Ad-Hoc|ARM.ActiveCfg = Ad-Hoc|iPhone
		{5386A092-3873-4A08-ACB3-0039162525B9}.Ad-Hoc|ARM.Build.0 = Ad-Hoc|iPhone
		{5386A092-3873-4A08-ACB3-0039162525B9}.Ad-Hoc|ARM.Deploy.0 = Ad-Hoc|iPhone
		{5386A092-3873-4A08-ACB3-0039162525B9}.Ad-Hoc|iPhone.ActiveCfg = Ad-Hoc|iPhone
		{5386A092-3873-4A08-ACB3-0039162525B9}.Ad-Hoc|iPhone.Build.0 = Ad-Hoc|iPhone
		{5386A092-3873-4A08-ACB3-0039162525B9}.Ad-Hoc|iPhone.Deploy.0 = Ad-Hoc|iPhone
		{5386A092-3873-4A08-ACB3-0039162525B9}.Ad-Hoc|iPhoneSimulator.ActiveCfg = Ad-Hoc|iPhoneSimulator
		{5386A092-3873-4A08-ACB3-0039162525B9}.Ad-Hoc|iPhoneSimulator.Build.0 = Ad-Hoc|iPhoneSimulator
		{5386A092-3873-4A08-ACB3-0039162525B9}.Ad-Hoc|iPhoneSimulator.Deploy.0 = Ad-Hoc|iPhoneSimulator
		{5386A092-3873-4A08-ACB3-0039162525B9}.Ad-Hoc|x64.ActiveCfg = Ad-Hoc|iPhone
		{5386A092-3873-4A08-ACB3-0039162525B9}.Ad-Hoc|x64.Build.0 = Ad-Hoc|iPhone
		{5386A092-3873-4A08-ACB3-0039162525B9}.Ad-Hoc|x64.Deploy.0 = Ad-Hoc|iPhone
		{5386A092-3873-4A08-ACB3-0039162525B9}.Ad-Hoc|x86.ActiveCfg = Ad-Hoc|iPhone
		{5386A092-3873-4A08-ACB3-0039162525B9}.Ad-Hoc|x86.Build.0 = Ad-Hoc|iPhone
		{5386A092-3873-4A08-ACB3-0039162525B9}.Ad-Hoc|x86.Deploy.0 = Ad-Hoc|iPhone
		{5386A092-3873-4A08-ACB3-0039162525B9}.AppStore|Any CPU.ActiveCfg = AppStore|iPhone
		{5386A092-3873-4A08-ACB3-0039162525B9}.AppStore|Any CPU.Build.0 = AppStore|iPhone
		{5386A092-3873-4A08-ACB3-0039162525B9}.AppStore|Any CPU.Deploy.0 = AppStore|iPhone
		{5386A092-3873-4A08-ACB3-0039162525B9}.AppStore|ARM.ActiveCfg = AppStore|iPhone
		{5386A092-3873-4A08-ACB3-0039162525B9}.AppStore|ARM.Build.0 = AppStore|iPhone
		{5386A092-3873-4A08-ACB3-0039162525B9}.AppStore|ARM.Deploy.0 = AppStore|iPhone
		{5386A092-3873-4A08-ACB3-0039162525B9}.AppStore|iPhone.ActiveCfg = AppStore|iPhone
		{5386A092-3873-4A08-ACB3-0039162525B9}.AppStore|iPhone.Build.0 = AppStore|iPhone
		{5386A092-3873-4A08-ACB3-0039162525B9}.AppStore|iPhone.Deploy.0 = AppStore|iPhone
		{5386A092-3873-4A08-ACB3-0039162525B9}.AppStore|iPhoneSimulator.ActiveCfg = AppStore|iPhoneSimulator
		{5386A092-3873-4A08-ACB3-0039162525B9}.AppStore|iPhoneSimulator.Build.0 = AppStore|iPhoneSimulator
		{5386A092-3873-4A08-ACB3-0039162525B9}.AppStore|iPhoneSimulator.Deploy.0 = AppStore|iPhoneSimulator
		{5386A092-3873-4A08-ACB3-0039162525B9}.AppStore|x64.ActiveCfg = AppStore|iPhone
		{5386A092-3873-4A08-ACB3-0039162525B9}.AppStore|x64.Build.0 = AppStore|iPhone
		{5386A092-3873-4A08-ACB3-0039162525B9}.AppStore|x64.Deploy.0 = AppStore|iPhone
		{5386A092-3873-4A08-ACB3-0039162525B9}.AppStore|x86.ActiveCfg = AppStore|iPhone
		{5386A092-3873-4A08-ACB3-0039162525B9}.AppStore|x86.Build.0 = AppStore|iPhone
		{5386A092-3873-4A08-ACB3-0039162525B9}.AppStore|x86.Deploy.0 = AppStore|iPhone
		{5386A092-3873-4A08-ACB3-0039162525B9}.Debug|Any CPU.ActiveCfg = Debug|iPhoneSimulator
		{5386A092-3873-4A08-ACB3-0039162525B9}.Debug|Any CPU.Build.0 = Debug|iPhoneSimulator
		{5386A092-3873-4A08-ACB3-0039162525B9}.Debug|Any CPU.Deploy.0 = Debug|iPhoneSimulator
		{5386A092-3873-4A08-ACB3-0039162525B9}.Debug|ARM.ActiveCfg = Debug|iPhone
		{5386A092-3873-4A08-ACB3-0039162525B9}.Debug|ARM.Build.0 = Debug|iPhone
		{5386A092-3873-4A08-ACB3-0039162525B9}.Debug|ARM.Deploy.0 = Debug|iPhone
		{5386A092-3873-4A08-ACB3-0039162525B9}.Debug|iPhone.ActiveCfg = Debug|iPhone
		{5386A092-3873-4A08-ACB3-0039162525B9}.Debug|iPhone.Build.0 = Debug|iPhone
		{5386A092-3873-4A08-ACB3-0039162525B9}.Debug|iPhone.Deploy.0 = Debug|iPhone
		{5386A092-3873-4A08-ACB3-0039162525B9}.Debug|iPhoneSimulator.ActiveCfg = Debug|iPhoneSimulator
		{5386A092-3873-4A08-ACB3-0039162525B9}.Debug|iPhoneSimulator.Build.0 = Debug|iPhoneSimulator
		{5386A092-3873-4A08-ACB3-0039162525B9}.Debug|iPhoneSimulator.Deploy.0 = Debug|iPhoneSimulator
		{5386A092-3873-4A08-ACB3-0039162525B9}.Debug|x64.ActiveCfg = Debug|iPhone
		{5386A092-3873-4A08-ACB3-0039162525B9}.Debug|x64.Build.0 = Debug|iPhone
		{5386A092-3873-4A08-ACB3-0039162525B9}.Debug|x64.Deploy.0 = Debug|iPhone
		{5386A092-3873-4A08-ACB3-0039162525B9}.Debug|x86.ActiveCfg = Debug|iPhone
		{5386A092-3873-4A08-ACB3-0039162525B9}.Debug|x86.Build.0 = Debug|iPhone
		{5386A092-3873-4A08-ACB3-0039162525B9}.Debug|x86.Deploy.0 = Debug|iPhone
		{5386A092-3873-4A08-ACB3-0039162525B9}.Release|Any CPU.ActiveCfg = Release|iPhone
		{5386A092-3873-4A08-ACB3-0039162525B9}.Release|Any CPU.Build.0 = Release|iPhone
		{5386A092-3873-4A08-ACB3-0039162525B9}.Release|Any CPU.Deploy.0 = Release|iPhone
		{5386A092-3873-4A08-ACB3-0039162525B9}.Release|ARM.ActiveCfg = Release|iPhone
		{5386A092-3873-4A08-ACB3-0039162525B9}.Release|ARM.Build.0 = Release|iPhone
		{5386A092-3873-4A08-ACB3-0039162525B9}.Release|ARM.Deploy.0 = Release|iPhone
		{5386A092-3873-4A08-ACB3-0039162525B9}.Release|iPhone.ActiveCfg = Release|iPhone
		{5386A092-3873-4A08-ACB3-0039162525B9}.Release|iPhone.Build.0 = Release|iPhone
		{5386A092-3873-4A08-ACB3-0039162525B9}.Release|iPhone.Deploy.0 = Release|iPhone
		{5386A092-3873-4A08-ACB3-0039162525B9}.Release|iPhoneSimulator.ActiveCfg = Release|iPhoneSimulator
		{5386A092-3873-4A08-ACB3-0039162525B9}.Release|iPhoneSimulator.Build.0 = Release|iPhoneSimulator
		{5386A092-3873-4A08-ACB3-0039162525B9}.Release|iPhoneSimulator.Deploy.0 = Release|iPhoneSimulator
		{5386A092-3873-4A08-ACB3-0039162525B9}.Release|x64.ActiveCfg = Release|iPhone
		{5386A092-3873-4A08-ACB3-0039162525B9}.Release|x64.Build.0 = Release|iPhone
		{5386A092-3873-4A08-ACB3-0039162525B9}.Release|x64.Deploy.0 = Release|iPhone
		{5386A092-3873-4A08-ACB3-0039162525B9}.Release|x86.ActiveCfg = Release|iPhone
		{5386A092-3873-4A08-ACB3-0039162525B9}.Release|x86.Build.0 = Release|iPhone
		{5386A092-3873-4A08-ACB3-0039162525B9}.Release|x86.Deploy.0 = Release|iPhone
		{7A59830E-6C49-4204-A455-FB1BDF1D1CB7}.Ad-Hoc|Any CPU.ActiveCfg = Release|x86
		{7A59830E-6C49-4204-A455-FB1BDF1D1CB7}.Ad-Hoc|Any CPU.Build.0 = Release|x86
		{7A59830E-6C49-4204-A455-FB1BDF1D1CB7}.Ad-Hoc|Any CPU.Deploy.0 = Release|x86
		{7A59830E-6C49-4204-A455-FB1BDF1D1CB7}.Ad-Hoc|ARM.ActiveCfg = Release|ARM
		{7A59830E-6C49-4204-A455-FB1BDF1D1CB7}.Ad-Hoc|ARM.Build.0 = Release|ARM
		{7A59830E-6C49-4204-A455-FB1BDF1D1CB7}.Ad-Hoc|ARM.Deploy.0 = Release|ARM
		{7A59830E-6C49-4204-A455-FB1BDF1D1CB7}.Ad-Hoc|iPhone.ActiveCfg = Release|x86
		{7A59830E-6C49-4204-A455-FB1BDF1D1CB7}.Ad-Hoc|iPhone.Build.0 = Release|x86
		{7A59830E-6C49-4204-A455-FB1BDF1D1CB7}.Ad-Hoc|iPhone.Deploy.0 = Release|x86
		{7A59830E-6C49-4204-A455-FB1BDF1D1CB7}.Ad-Hoc|iPhoneSimulator.ActiveCfg = Release|x86
		{7A59830E-6C49-4204-A455-FB1BDF1D1CB7}.Ad-Hoc|iPhoneSimulator.Build.0 = Release|x86
		{7A59830E-6C49-4204-A455-FB1BDF1D1CB7}.Ad-Hoc|iPhoneSimulator.Deploy.0 = Release|x86
		{7A59830E-6C49-4204-A455-FB1BDF1D1CB7}.Ad-Hoc|x64.ActiveCfg = Release|x64
		{7A59830E-6C49-4204-A455-FB1BDF1D1CB7}.Ad-Hoc|x64.Build.0 = Release|x64
		{7A59830E-6C49-4204-A455-FB1BDF1D1CB7}.Ad-Hoc|x64.Deploy.0 = Release|x64
		{7A59830E-6C49-4204-A455-FB1BDF1D1CB7}.Ad-Hoc|x86.ActiveCfg = Release|x86
		{7A59830E-6C49-4204-A455-FB1BDF1D1CB7}.Ad-Hoc|x86.Build.0 = Release|x86
		{7A59830E-6C49-4204-A455-FB1BDF1D1CB7}.Ad-Hoc|x86.Deploy.0 = Release|x86
		{7A59830E-6C49-4204-A455-FB1BDF1D1CB7}.AppStore|Any CPU.ActiveCfg = Release|x86
		{7A59830E-6C49-4204-A455-FB1BDF1D1CB7}.AppStore|Any CPU.Build.0 = Release|x86
		{7A59830E-6C49-4204-A455-FB1BDF1D1CB7}.AppStore|Any CPU.Deploy.0 = Release|x86
		{7A59830E-6C49-4204-A455-FB1BDF1D1CB7}.AppStore|ARM.ActiveCfg = Release|ARM
		{7A59830E-6C49-4204-A455-FB1BDF1D1CB7}.AppStore|ARM.Build.0 = Release|ARM
		{7A59830E-6C49-4204-A455-FB1BDF1D1CB7}.AppStore|ARM.Deploy.0 = Release|ARM
		{7A59830E-6C49-4204-A455-FB1BDF1D1CB7}.AppStore|iPhone.ActiveCfg = Release|x86
		{7A59830E-6C49-4204-A455-FB1BDF1D1CB7}.AppStore|iPhone.Build.0 = Release|x86
		{7A59830E-6C49-4204-A455-FB1BDF1D1CB7}.AppStore|iPhone.Deploy.0 = Release|x86
		{7A59830E-6C49-4204-A455-FB1BDF1D1CB7}.AppStore|iPhoneSimulator.ActiveCfg = Release|x86
		{7A59830E-6C49-4204-A455-FB1BDF1D1CB7}.AppStore|iPhoneSimulator.Build.0 = Release|x86
		{7A59830E-6C49-4204-A455-FB1BDF1D1CB7}.AppStore|iPhoneSimulator.Deploy.0 = Release|x86
		{7A59830E-6C49-4204-A455-FB1BDF1D1CB7}.AppStore|x64.ActiveCfg = Release|x64
		{7A59830E-6C49-4204-A455-FB1BDF1D1CB7}.AppStore|x64.Build.0 = Release|x64
		{7A59830E-6C49-4204-A455-FB1BDF1D1CB7}.AppStore|x64.Deploy.0 = Release|x64
		{7A59830E-6C49-4204-A455-FB1BDF1D1CB7}.AppStore|x86.ActiveCfg = Release|x86
		{7A59830E-6C49-4204-A455-FB1BDF1D1CB7}.AppStore|x86.Build.0 = Release|x86
		{7A59830E-6C49-4204-A455-FB1BDF1D1CB7}.AppStore|x86.Deploy.0 = Release|x86
		{7A59830E-6C49-4204-A455-FB1BDF1D1CB7}.Debug|Any CPU.ActiveCfg = Debug|x86
		{7A59830E-6C49-4204-A455-FB1BDF1D1CB7}.Debug|Any CPU.Build.0 = Debug|x86
		{7A59830E-6C49-4204-A455-FB1BDF1D1CB7}.Debug|Any CPU.Deploy.0 = Debug|x86
		{7A59830E-6C49-4204-A455-FB1BDF1D1CB7}.Debug|ARM.ActiveCfg = Debug|ARM
		{7A59830E-6C49-4204-A455-FB1BDF1D1CB7}.Debug|ARM.Build.0 = Debug|ARM
		{7A59830E-6C49-4204-A455-FB1BDF1D1CB7}.Debug|ARM.Deploy.0 = Debug|ARM
		{7A59830E-6C49-4204-A455-FB1BDF1D1CB7}.Debug|iPhone.ActiveCfg = Debug|x86
		{7A59830E-6C49-4204-A455-FB1BDF1D1CB7}.Debug|iPhone.Build.0 = Debug|x86
		{7A59830E-6C49-4204-A455-FB1BDF1D1CB7}.Debug|iPhone.Deploy.0 = Debug|x86
		{7A59830E-6C49-4204-A455-FB1BDF1D1CB7}.Debug|iPhoneSimulator.ActiveCfg = Debug|x86
		{7A59830E-6C49-4204-A455-FB1BDF1D1CB7}.Debug|iPhoneSimulator.Build.0 = Debug|x86
		{7A59830E-6C49-4204-A455-FB1BDF1D1CB7}.Debug|iPhoneSimulator.Deploy.0 = Debug|x86
		{7A59830E-6C49-4204-A455-FB1BDF1D1CB7}.Debug|x64.ActiveCfg = Debug|x64
		{7A59830E-6C49-4204-A455-FB1BDF1D1CB7}.Debug|x64.Build.0 = Debug|x64
		{7A59830E-6C49-4204-A455-FB1BDF1D1CB7}.Debug|x64.Deploy.0 = Debug|x64
		{7A59830E-6C49-4204-A455-FB1BDF1D1CB7}.Debug|x86.ActiveCfg = Debug|x86
		{7A59830E-6C49-4204-A455-FB1BDF1D1CB7}.Debug|x86.Build.0 = Debug|x86
		{7A59830E-6C49-4204-A455-FB1BDF1D1CB7}.Debug|x86.Deploy.0 = Debug|x86
		{7A59830E-6C49-4204-A455-FB1BDF1D1CB7}.Release|Any CPU.ActiveCfg = Release|x86
		{7A59830E-6C49-4204-A455-FB1BDF1D1CB7}.Release|Any CPU.Build.0 = Release|x86
		{7A59830E-6C49-4204-A455-FB1BDF1D1CB7}.Release|Any CPU.Deploy.0 = Release|x86
		{7A59830E-6C49-4204-A455-FB1BDF1D1CB7}.Release|ARM.ActiveCfg = Release|ARM
		{7A59830E-6C49-4204-A455-FB1BDF1D1CB7}.Release|ARM.Build.0 = Release|ARM
		{7A59830E-6C49-4204-A455-FB1BDF1D1CB7}.Release|ARM.Deploy.0 = Release|ARM
		{7A59830E-6C49-4204-A455-FB1BDF1D1CB7}.Release|iPhone.ActiveCfg = Release|x86
		{7A59830E-6C49-4204-A455-FB1BDF1D1CB7}.Release|iPhone.Build.0 = Release|x86
		{7A59830E-6C49-4204-A455-FB1BDF1D1CB7}.Release|iPhone.Deploy.0 = Release|x86
		{7A59830E-6C49-4204-A455-FB1BDF1D1CB7}.Release|iPhoneSimulator.ActiveCfg = Release|x86
		{7A59830E-6C49-4204-A455-FB1BDF1D1CB7}.Release|iPhoneSimulator.Build.0 = Release|x86
		{7A59830E-6C49-4204-A455-FB1BDF1D1CB7}.Release|iPhoneSimulator.Deploy.0 = Release|x86
		{7A59830E-6C49-4204-A455-FB1BDF1D1CB7}.Release|x64.ActiveCfg = Release|x64
		{7A59830E-6C49-4204-A455-FB1BDF1D1CB7}.Release|x64.Build.0 = Release|x64
		{7A59830E-6C49-4204-A455-FB1BDF1D1CB7}.Release|x64.Deploy.0 = Release|x64
		{7A59830E-6C49-4204-A455-FB1BDF1D1CB7}.Release|x86.ActiveCfg = Release|x86
		{7A59830E-6C49-4204-A455-FB1BDF1D1CB7}.Release|x86.Build.0 = Release|x86
		{7A59830E-6C49-4204-A455-FB1BDF1D1CB7}.Release|x86.Deploy.0 = Release|x86
		{AB19A299-8867-4B4D-B2AD-2F387571B37E}.Ad-Hoc|Any CPU.ActiveCfg = Debug|Any CPU
		{AB19A299-8867-4B4D-B2AD-2F387571B37E}.Ad-Hoc|Any CPU.Build.0 = Debug|Any CPU
		{AB19A299-8867-4B4D-B2AD-2F387571B37E}.Ad-Hoc|Any CPU.Deploy.0 = Debug|Any CPU
		{AB19A299-8867-4B4D-B2AD-2F387571B37E}.Ad-Hoc|ARM.ActiveCfg = Debug|Any CPU
		{AB19A299-8867-4B4D-B2AD-2F387571B37E}.Ad-Hoc|ARM.Build.0 = Debug|Any CPU
		{AB19A299-8867-4B4D-B2AD-2F387571B37E}.Ad-Hoc|ARM.Deploy.0 = Debug|Any CPU
		{AB19A299-8867-4B4D-B2AD-2F387571B37E}.Ad-Hoc|iPhone.ActiveCfg = Debug|Any CPU
		{AB19A299-8867-4B4D-B2AD-2F387571B37E}.Ad-Hoc|iPhone.Build.0 = Debug|Any CPU
		{AB19A299-8867-4B4D-B2AD-2F387571B37E}.Ad-Hoc|iPhone.Deploy.0 = Debug|Any CPU
		{AB19A299-8867-4B4D-B2AD-2F387571B37E}.Ad-Hoc|iPhoneSimulator.ActiveCfg = Debug|Any CPU
		{AB19A299-8867-4B4D-B2AD-2F387571B37E}.Ad-Hoc|iPhoneSimulator.Build.0 = Debug|Any CPU
		{AB19A299-8867-4B4D-B2AD-2F387571B37E}.Ad-Hoc|iPhoneSimulator.Deploy.0 = Debug|Any CPU
		{AB19A299-8867-4B4D-B2AD-2F387571B37E}.Ad-Hoc|x64.ActiveCfg = Debug|Any CPU
		{AB19A299-8867-4B4D-B2AD-2F387571B37E}.Ad-Hoc|x64.Build.0 = Debug|Any CPU
		{AB19A299-8867-4B4D-B2AD-2F387571B37E}.Ad-Hoc|x64.Deploy.0 = Debug|Any CPU
		{AB19A299-8867-4B4D-B2AD-2F387571B37E}.Ad-Hoc|x86.ActiveCfg = Debug|Any CPU
		{AB19A299-8867-4B4D-B2AD-2F387571B37E}.Ad-Hoc|x86.Build.0 = Debug|Any CPU
		{AB19A299-8867-4B4D-B2AD-2F387571B37E}.Ad-Hoc|x86.Deploy.0 = Debug|Any CPU
		{AB19A299-8867-4B4D-B2AD-2F387571B37E}.AppStore|Any CPU.ActiveCfg = Debug|Any CPU
		{AB19A299-8867-4B4D-B2AD-2F387571B37E}.AppStore|Any CPU.Build.0 = Debug|Any CPU
		{AB19A299-8867-4B4D-B2AD-2F387571B37E}.AppStore|Any CPU.Deploy.0 = Debug|Any CPU
		{AB19A299-8867-4B4D-B2AD-2F387571B37E}.AppStore|ARM.ActiveCfg = Debug|Any CPU
		{AB19A299-8867-4B4D-B2AD-2F387571B37E}.AppStore|ARM.Build.0 = Debug|Any CPU
		{AB19A299-8867-4B4D-B2AD-2F387571B37E}.AppStore|ARM.Deploy.0 = Debug|Any CPU
		{AB19A299-8867-4B4D-B2AD-2F387571B37E}.AppStore|iPhone.ActiveCfg = Debug|Any CPU
		{AB19A299-8867-4B4D-B2AD-2F387571B37E}.AppStore|iPhone.Build.0 = Debug|Any CPU
		{AB19A299-8867-4B4D-B2AD-2F387571B37E}.AppStore|iPhone.Deploy.0 = Debug|Any CPU
		{AB19A299-8867-4B4D-B2AD-2F387571B37E}.AppStore|iPhoneSimulator.ActiveCfg = Debug|Any CPU
		{AB19A299-8867-4B4D-B2AD-2F387571B37E}.AppStore|iPhoneSimulator.Build.0 = Debug|Any CPU
		{AB19A299-8867-4B4D-B2AD-2F387571B37E}.AppStore|iPhoneSimulator.Deploy.0 = Debug|Any CPU
		{AB19A299-8867-4B4D-B2AD-2F387571B37E}.AppStore|x64.ActiveCfg = Debug|Any CPU
		{AB19A299-8867-4B4D-B2AD-2F387571B37E}.AppStore|x64.Build.0 = Debug|Any CPU
		{AB19A299-8867-4B4D-B2AD-2F387571B37E}.AppStore|x64.Deploy.0 = Debug|Any CPU
		{AB19A299-8867-4B4D-B2AD-2F387571B37E}.AppStore|x86.ActiveCfg = Debug|Any CPU
		{AB19A299-8867-4B4D-B2AD-2F387571B37E}.AppStore|x86.Build.0 = Debug|Any CPU
		{AB19A299-8867-4B4D-B2AD-2F387571B37E}.AppStore|x86.Deploy.0 = Debug|Any CPU
		{AB19A299-8867-4B4D-B2AD-2F387571B37E}.Debug|Any CPU.ActiveCfg = Debug|Any CPU
		{AB19A299-8867-4B4D-B2AD-2F387571B37E}.Debug|Any CPU.Build.0 = Debug|Any CPU
		{AB19A299-8867-4B4D-B2AD-2F387571B37E}.Debug|Any CPU.Deploy.0 = Debug|Any CPU
		{AB19A299-8867-4B4D-B2AD-2F387571B37E}.Debug|ARM.ActiveCfg = Debug|Any CPU
		{AB19A299-8867-4B4D-B2AD-2F387571B37E}.Debug|ARM.Build.0 = Debug|Any CPU
		{AB19A299-8867-4B4D-B2AD-2F387571B37E}.Debug|ARM.Deploy.0 = Debug|Any CPU
		{AB19A299-8867-4B4D-B2AD-2F387571B37E}.Debug|iPhone.ActiveCfg = Debug|Any CPU
		{AB19A299-8867-4B4D-B2AD-2F387571B37E}.Debug|iPhone.Build.0 = Debug|Any CPU
		{AB19A299-8867-4B4D-B2AD-2F387571B37E}.Debug|iPhone.Deploy.0 = Debug|Any CPU
		{AB19A299-8867-4B4D-B2AD-2F387571B37E}.Debug|iPhoneSimulator.ActiveCfg = Debug|Any CPU
		{AB19A299-8867-4B4D-B2AD-2F387571B37E}.Debug|iPhoneSimulator.Build.0 = Debug|Any CPU
		{AB19A299-8867-4B4D-B2AD-2F387571B37E}.Debug|iPhoneSimulator.Deploy.0 = Debug|Any CPU
		{AB19A299-8867-4B4D-B2AD-2F387571B37E}.Debug|x64.ActiveCfg = Debug|Any CPU
		{AB19A299-8867-4B4D-B2AD-2F387571B37E}.Debug|x64.Build.0 = Debug|Any CPU
		{AB19A299-8867-4B4D-B2AD-2F387571B37E}.Debug|x64.Deploy.0 = Debug|Any CPU
		{AB19A299-8867-4B4D-B2AD-2F387571B37E}.Debug|x86.ActiveCfg = Debug|Any CPU
		{AB19A299-8867-4B4D-B2AD-2F387571B37E}.Debug|x86.Build.0 = Debug|Any CPU
		{AB19A299-8867-4B4D-B2AD-2F387571B37E}.Debug|x86.Deploy.0 = Debug|Any CPU
		{AB19A299-8867-4B4D-B2AD-2F387571B37E}.Release|Any CPU.ActiveCfg = Release|Any CPU
		{AB19A299-8867-4B4D-B2AD-2F387571B37E}.Release|Any CPU.Build.0 = Release|Any CPU
		{AB19A299-8867-4B4D-B2AD-2F387571B37E}.Release|Any CPU.Deploy.0 = Release|Any CPU
		{AB19A299-8867-4B4D-B2AD-2F387571B37E}.Release|ARM.ActiveCfg = Release|Any CPU
		{AB19A299-8867-4B4D-B2AD-2F387571B37E}.Release|ARM.Build.0 = Release|Any CPU
		{AB19A299-8867-4B4D-B2AD-2F387571B37E}.Release|ARM.Deploy.0 = Release|Any CPU
		{AB19A299-8867-4B4D-B2AD-2F387571B37E}.Release|iPhone.ActiveCfg = Release|Any CPU
		{AB19A299-8867-4B4D-B2AD-2F387571B37E}.Release|iPhone.Build.0 = Release|Any CPU
		{AB19A299-8867-4B4D-B2AD-2F387571B37E}.Release|iPhone.Deploy.0 = Release|Any CPU
		{AB19A299-8867-4B4D-B2AD-2F387571B37E}.Release|iPhoneSimulator.ActiveCfg = Release|Any CPU
		{AB19A299-8867-4B4D-B2AD-2F387571B37E}.Release|iPhoneSimulator.Build.0 = Release|Any CPU
		{AB19A299-8867-4B4D-B2AD-2F387571B37E}.Release|iPhoneSimulator.Deploy.0 = Release|Any CPU
		{AB19A299-8867-4B4D-B2AD-2F387571B37E}.Release|x64.ActiveCfg = Release|Any CPU
		{AB19A299-8867-4B4D-B2AD-2F387571B37E}.Release|x64.Build.0 = Release|Any CPU
		{AB19A299-8867-4B4D-B2AD-2F387571B37E}.Release|x64.Deploy.0 = Release|Any CPU
		{AB19A299-8867-4B4D-B2AD-2F387571B37E}.Release|x86.ActiveCfg = Release|Any CPU
		{AB19A299-8867-4B4D-B2AD-2F387571B37E}.Release|x86.Build.0 = Release|Any CPU
		{AB19A299-8867-4B4D-B2AD-2F387571B37E}.Release|x86.Deploy.0 = Release|Any CPU
	EndGlobalSection
	GlobalSection(SolutionProperties) = preSolution
		HideSolutionNode = FALSE
	EndGlobalSection
	GlobalSection(ExtensibilityGlobals) = postSolution
		SolutionGuid = {26355BF7-126D-4EEF-B2D5-7F1578B60AAE}
	EndGlobalSection
EndGlobal
